
Microsoft Visual Studio Solution File, Format Version 12.00
# Visual Studio Version 17
VisualStudioVersion = 17.4.33122.133
MinimumVisualStudioVersion = 10.0.40219.1
Project("{FAE04EC0-301F-11D3-BF4B-00C04F79EFBC}") = "StorageV1", "StorageV1.csproj", "{A3E22BEC-1F54-42DE-94AE-F81BBE52DF48}"
EndProject
Global
	GlobalSection(SolutionConfigurationPlatforms) = preSolution
		Debug|Any CPU = Debug|Any CPU
		Release|Any CPU = Release|Any CPU
	EndGlobalSection
	GlobalSection(ProjectConfigurationPlatforms) = postSolution
		{A3E22BEC-1F54-42DE-94AE-F81BBE52DF48}.Debug|Any CPU.ActiveCfg = Debug|Any CPU
		{A3E22BEC-1F54-42DE-94AE-F81BBE52DF48}.Debug|Any CPU.Build.0 = Debug|Any CPU
		{A3E22BEC-1F54-42DE-94AE-F81BBE52DF48}.Release|Any CPU.ActiveCfg = Release|Any CPU
		{A3E22BEC-1F54-42DE-94AE-F81BBE52DF48}.Release|Any CPU.Build.0 = Release|Any CPU
	EndGlobalSection
	GlobalSection(SolutionProperties) = preSolution
		HideSolutionNode = FALSE
	EndGlobalSection
	GlobalSection(ExtensibilityGlobals) = postSolution
		SolutionGuid = {E7FB50F8-9FCC-4257-8452-A89CE262EAD6}
	EndGlobalSection
EndGlobal
